
Microsoft Visual Studio Solution File, Format Version 12.00
# Visual Studio Version 17
VisualStudioVersion = 17.3.32819.101
MinimumVisualStudioVersion = 10.0.40219.1
Project("{2150E333-8FDC-42A3-9474-1A3956D46DE8}") = "Clase 1", "Clase 1", "{A1BC083C-30A7-4D74-8526-9F80DEB9769F}"
EndProject
Project("{9A19103F-16F7-4668-BE54-9A1E7A4F7556}") = "ej 1", "ej 1\ej 1.csproj", "{9A3C57FB-5F4F-4AD3-83B5-D4B95E1FEDF3}"
EndProject
Project("{2150E333-8FDC-42A3-9474-1A3956D46DE8}") = "clase 2", "clase 2", "{1AF543F5-F6A5-4224-9201-C436297CCBF3}"
EndProject
Project("{9A19103F-16F7-4668-BE54-9A1E7A4F7556}") = "clase1 ej 2", "clase1 ej 2\clase1 ej 2.csproj", "{2131CC6E-3B9D-41DE-B016-12B1B19706A7}"
EndProject
Project("{9A19103F-16F7-4668-BE54-9A1E7A4F7556}") = "Clase 1 ej3", "Clase 1 ej3\Clase 1 ej3.csproj", "{287B3486-3D93-47CC-A342-D583DAA69FB9}"
EndProject
Project("{FAE04EC0-301F-11D3-BF4B-00C04F79EFBC}") = "Clase2_ej 5", "Clase2_ej 5\Clase2_ej 5.csproj", "{6978D1CD-5534-4C35-9022-EB0AD2565B57}"
EndProject
Project("{FAE04EC0-301F-11D3-BF4B-00C04F79EFBC}") = "Clase2_ej 1", "Clase2_ej 1\Clase2_ej 1.csproj", "{71ADFD8A-8CEA-4D7F-BF8E-5A339BB70B1C}"
EndProject
Project("{FAE04EC0-301F-11D3-BF4B-00C04F79EFBC}") = "Clase2_ej 2", "Clase2_ej 2\Clase2_ej 2.csproj", "{2F5287E7-0B2A-464E-9F68-539FE0799118}"
EndProject
Project("{FAE04EC0-301F-11D3-BF4B-00C04F79EFBC}") = "Clase2_ej 3", "Clase2_ej 3\Clase2_ej 3.csproj", "{4C3466E8-794A-4DC1-903D-95C6B22D916E}"
EndProject
Global
	GlobalSection(SolutionConfigurationPlatforms) = preSolution
		Debug|Any CPU = Debug|Any CPU
		Release|Any CPU = Release|Any CPU
	EndGlobalSection
	GlobalSection(ProjectConfigurationPlatforms) = postSolution
		{9A3C57FB-5F4F-4AD3-83B5-D4B95E1FEDF3}.Debug|Any CPU.ActiveCfg = Debug|Any CPU
		{9A3C57FB-5F4F-4AD3-83B5-D4B95E1FEDF3}.Debug|Any CPU.Build.0 = Debug|Any CPU
		{9A3C57FB-5F4F-4AD3-83B5-D4B95E1FEDF3}.Release|Any CPU.ActiveCfg = Release|Any CPU
		{9A3C57FB-5F4F-4AD3-83B5-D4B95E1FEDF3}.Release|Any CPU.Build.0 = Release|Any CPU
		{2131CC6E-3B9D-41DE-B016-12B1B19706A7}.Debug|Any CPU.ActiveCfg = Debug|Any CPU
		{2131CC6E-3B9D-41DE-B016-12B1B19706A7}.Debug|Any CPU.Build.0 = Debug|Any CPU
		{2131CC6E-3B9D-41DE-B016-12B1B19706A7}.Release|Any CPU.ActiveCfg = Release|Any CPU
		{2131CC6E-3B9D-41DE-B016-12B1B19706A7}.Release|Any CPU.Build.0 = Release|Any CPU
		{287B3486-3D93-47CC-A342-D583DAA69FB9}.Debug|Any CPU.ActiveCfg = Debug|Any CPU
		{287B3486-3D93-47CC-A342-D583DAA69FB9}.Debug|Any CPU.Build.0 = Debug|Any CPU
		{287B3486-3D93-47CC-A342-D583DAA69FB9}.Release|Any CPU.ActiveCfg = Release|Any CPU
		{287B3486-3D93-47CC-A342-D583DAA69FB9}.Release|Any CPU.Build.0 = Release|Any CPU
		{6978D1CD-5534-4C35-9022-EB0AD2565B57}.Debug|Any CPU.ActiveCfg = Debug|Any CPU
		{6978D1CD-5534-4C35-9022-EB0AD2565B57}.Debug|Any CPU.Build.0 = Debug|Any CPU
		{6978D1CD-5534-4C35-9022-EB0AD2565B57}.Release|Any CPU.ActiveCfg = Release|Any CPU
		{6978D1CD-5534-4C35-9022-EB0AD2565B57}.Release|Any CPU.Build.0 = Release|Any CPU
		{71ADFD8A-8CEA-4D7F-BF8E-5A339BB70B1C}.Debug|Any CPU.ActiveCfg = Debug|Any CPU
		{71ADFD8A-8CEA-4D7F-BF8E-5A339BB70B1C}.Debug|Any CPU.Build.0 = Debug|Any CPU
		{71ADFD8A-8CEA-4D7F-BF8E-5A339BB70B1C}.Release|Any CPU.ActiveCfg = Release|Any CPU
		{71ADFD8A-8CEA-4D7F-BF8E-5A339BB70B1C}.Release|Any CPU.Build.0 = Release|Any CPU
		{2F5287E7-0B2A-464E-9F68-539FE0799118}.Debug|Any CPU.ActiveCfg = Debug|Any CPU
		{2F5287E7-0B2A-464E-9F68-539FE0799118}.Debug|Any CPU.Build.0 = Debug|Any CPU
		{2F5287E7-0B2A-464E-9F68-539FE0799118}.Release|Any CPU.ActiveCfg = Release|Any CPU
		{2F5287E7-0B2A-464E-9F68-539FE0799118}.Release|Any CPU.Build.0 = Release|Any CPU
		{4C3466E8-794A-4DC1-903D-95C6B22D916E}.Debug|Any CPU.ActiveCfg = Debug|Any CPU
		{4C3466E8-794A-4DC1-903D-95C6B22D916E}.Debug|Any CPU.Build.0 = Debug|Any CPU
		{4C3466E8-794A-4DC1-903D-95C6B22D916E}.Release|Any CPU.ActiveCfg = Release|Any CPU
		{4C3466E8-794A-4DC1-903D-95C6B22D916E}.Release|Any CPU.Build.0 = Release|Any CPU
	EndGlobalSection
	GlobalSection(SolutionProperties) = preSolution
		HideSolutionNode = FALSE
	EndGlobalSection
	GlobalSection(NestedProjects) = preSolution
		{9A3C57FB-5F4F-4AD3-83B5-D4B95E1FEDF3} = {A1BC083C-30A7-4D74-8526-9F80DEB9769F}
		{2131CC6E-3B9D-41DE-B016-12B1B19706A7} = {A1BC083C-30A7-4D74-8526-9F80DEB9769F}
		{287B3486-3D93-47CC-A342-D583DAA69FB9} = {A1BC083C-30A7-4D74-8526-9F80DEB9769F}
		{6978D1CD-5534-4C35-9022-EB0AD2565B57} = {1AF543F5-F6A5-4224-9201-C436297CCBF3}
		{71ADFD8A-8CEA-4D7F-BF8E-5A339BB70B1C} = {1AF543F5-F6A5-4224-9201-C436297CCBF3}
		{2F5287E7-0B2A-464E-9F68-539FE0799118} = {1AF543F5-F6A5-4224-9201-C436297CCBF3}
		{4C3466E8-794A-4DC1-903D-95C6B22D916E} = {1AF543F5-F6A5-4224-9201-C436297CCBF3}
	EndGlobalSection
	GlobalSection(ExtensibilityGlobals) = postSolution
		SolutionGuid = {CF33A1E0-E40A-467D-8545-F2CFDA73D299}
	EndGlobalSection
EndGlobal
